
Microsoft Visual Studio Solution File, Format Version 12.00
# Visual Studio Version 17
VisualStudioVersion = 17.14.36603.0 d17.14
MinimumVisualStudioVersion = 10.0.40219.1
Project("{FAE04EC0-301F-11D3-BF4B-00C04F79EFBC}") = "DocumentManagerWPF", "DocumentManagerWPF.csproj", "{349B5C05-191A-4194-B1F9-7F1335C79621}"
EndProject
Project("{FAE04EC0-301F-11D3-BF4B-00C04F79EFBC}") = "DocumentManager.Data", "..\DocumentManager.Data\DocumentManager.Data.csproj", "{80C5BEC2-C882-4103-8DD8-6648B208D5F3}"
EndProject
Project("{FAE04EC0-301F-11D3-BF4B-00C04F79EFBC}") = "DocumentManager.Services", "..\DocumentManager.Services\DocumentManager.Services.csproj", "{F0E80E0E-EC2E-48B3-B46B-02477774D392}"
EndProject
Project("{FAE04EC0-301F-11D3-BF4B-00C04F79EFBC}") = "DocumentManager.Domain", "..\DocumentManager.Domain\DocumentManager.Domain.csproj", "{D892C5BC-8A33-4C25-B570-9C27AEC35B69}"
EndProject
Global
	GlobalSection(SolutionConfigurationPlatforms) = preSolution
		Debug|Any CPU = Debug|Any CPU
		Release|Any CPU = Release|Any CPU
	EndGlobalSection
	GlobalSection(ProjectConfigurationPlatforms) = postSolution
		{349B5C05-191A-4194-B1F9-7F1335C79621}.Debug|Any CPU.ActiveCfg = Debug|Any CPU
		{349B5C05-191A-4194-B1F9-7F1335C79621}.Debug|Any CPU.Build.0 = Debug|Any CPU
		{349B5C05-191A-4194-B1F9-7F1335C79621}.Release|Any CPU.ActiveCfg = Release|Any CPU
		{349B5C05-191A-4194-B1F9-7F1335C79621}.Release|Any CPU.Build.0 = Release|Any CPU
		{80C5BEC2-C882-4103-8DD8-6648B208D5F3}.Debug|Any CPU.ActiveCfg = Debug|Any CPU
		{80C5BEC2-C882-4103-8DD8-6648B208D5F3}.Debug|Any CPU.Build.0 = Debug|Any CPU
		{80C5BEC2-C882-4103-8DD8-6648B208D5F3}.Release|Any CPU.ActiveCfg = Release|Any CPU
		{80C5BEC2-C882-4103-8DD8-6648B208D5F3}.Release|Any CPU.Build.0 = Release|Any CPU
		{F0E80E0E-EC2E-48B3-B46B-02477774D392}.Debug|Any CPU.ActiveCfg = Debug|Any CPU
		{F0E80E0E-EC2E-48B3-B46B-02477774D392}.Debug|Any CPU.Build.0 = Debug|Any CPU
		{F0E80E0E-EC2E-48B3-B46B-02477774D392}.Release|Any CPU.ActiveCfg = Release|Any CPU
		{F0E80E0E-EC2E-48B3-B46B-02477774D392}.Release|Any CPU.Build.0 = Release|Any CPU
		{D892C5BC-8A33-4C25-B570-9C27AEC35B69}.Debug|Any CPU.ActiveCfg = Debug|Any CPU
		{D892C5BC-8A33-4C25-B570-9C27AEC35B69}.Debug|Any CPU.Build.0 = Debug|Any CPU
		{D892C5BC-8A33-4C25-B570-9C27AEC35B69}.Release|Any CPU.ActiveCfg = Release|Any CPU
		{D892C5BC-8A33-4C25-B570-9C27AEC35B69}.Release|Any CPU.Build.0 = Release|Any CPU
	EndGlobalSection
	GlobalSection(SolutionProperties) = preSolution
		HideSolutionNode = FALSE
	EndGlobalSection
	GlobalSection(ExtensibilityGlobals) = postSolution
		SolutionGuid = {7E302349-76F4-431C-B70C-26D74D8B7B91}
	EndGlobalSection
EndGlobal
